{
  "version": 4,
  "terraform_version": "1.15.3",
  "serial": 52,
  "lineage": "3bf756c7-2074-193c-e88b-9700566d5692",
  "outputs": {
    "ssh_command": {
      "value": "ssh -i C:/Users/Student/.ssh/azure_rsa azureuser@172.202.41.177",
      "type": "string"
    }
  },
  "resources": [
    {
      "mode": "managed",
      "type": "azurerm_linux_virtual_machine",
      "name": "vm",
      "provider": "provider[\"registry.terraform.io/hashicorp/azurerm\"]",
      "instances": [
        {
          "schema_version": 0,
          "attributes": {
            "additional_capabilities": [],
            "admin_password": null,
            "admin_ssh_key": [
              {
                "public_key": "ssh-rsa AAAAB3NzaC1yc2EAAAADAQABAAACAQDGv/aNrq4eaf8hVYY1xzbXJTV67NTAQ9gGse0bp9icuN8SdFawCv0UcoNNm14atO9ZLm4L7yXIyfhdsLZtoW83bIzUD7Ga11tiaaZ+6PMxAVZ+Gk/5lAwNHqXyXbT4jtQ5S5g7cFZdTiMTMK7Bfi+KpD7jZLdDC+R+MmUvDh5clH9n0nMGuZrIYVrFM8p+Mdc/VVc98FxGkdyvXyFpkm63vimgTyMNHV9obKBZdDAECtZ/KoR5hWtuo5ChrxPC8TVQbgfyfvzFhWXHP5PP1LJvO2WyChxXu+3LSNIxIBMEimCkBWg8ybazxTeIijZpE8cOf2N/fk6QCkMWtM5b+HUDe7kr2Pfr7xz1ptjxkERXXaC0zbhLn/xTvFwgW3vJej439vQRjtacc3TWnYkf4RcQMShayuK9aEnwQfd15EEHEpkkI+gVKiw6EvDQNC6H9Q/FzVFQl6xC2fBdgE3IWTdd4/Y7/qWh16gi/H4R/TgY4aaMhuq1YR9oUEK3onHrKXrpz8csPm/WIhq9AREiSMqJqW65DWKPCafPjf9WyUZcrEjIEGWNSP8uJCbIQBH0ZJz2WuAEC1zhMbrXHZ1mkS17on4NWWM4TdRfQ9S7YcFUAXrFcopors93FIOrP2A3kODP5RWbPWNzz7sRtzUq0i6zNII7IphHudZ0mfvXv+IqLQ== azureuser\r\n",
                "username": "azureuser"
              }
            ],
            "admin_username": "azureuser",
            "allow_extension_operations": true,
            "availability_set_id": "",
            "boot_diagnostics": [],
            "bypass_platform_safety_checks_on_user_schedule_enabled": false,
            "capacity_reservation_group_id": "",
            "computer_name": "vm-student",
            "custom_data": null,
            "dedicated_host_group_id": "",
            "dedicated_host_id": "",
            "disable_password_authentication": true,
            "disk_controller_type": "",
            "edge_zone": "",
            "encryption_at_host_enabled": false,
            "eviction_policy": "",
            "extensions_time_budget": "PT1H30M",
            "gallery_application": [],
            "id": "/subscriptions/ef61dad8-0544-405a-9a44-2f2931dea1d8/resourceGroups/rg-nssa320-student/providers/Microsoft.Compute/virtualMachines/vm-student",
            "identity": [],
            "license_type": "",
            "location": "centralus",
            "max_bid_price": -1,
            "name": "vm-student",
            "network_interface_ids": [
              "/subscriptions/ef61dad8-0544-405a-9a44-2f2931dea1d8/resourceGroups/rg-nssa320-student/providers/Microsoft.Network/networkInterfaces/nic-student"
            ],
            "os_disk": [
              {
                "caching": "ReadWrite",
                "diff_disk_settings": [],
                "disk_encryption_set_id": "",
                "disk_size_gb": 30,
                "id": "/subscriptions/ef61dad8-0544-405a-9a44-2f2931dea1d8/resourceGroups/rg-nssa320-student/providers/Microsoft.Compute/disks/vm-student_OsDisk_1_d16c2b1fc79346ccb736bb03c91d66f5",
                "name": "vm-student_OsDisk_1_d16c2b1fc79346ccb736bb03c91d66f5",
                "secure_vm_disk_encryption_set_id": "",
                "security_encryption_type": "",
                "storage_account_type": "Standard_LRS",
                "write_accelerator_enabled": false
              }
            ],
            "os_image_notification": [],
            "os_managed_disk_id": "/subscriptions/ef61dad8-0544-405a-9a44-2f2931dea1d8/resourceGroups/rg-nssa320-student/providers/Microsoft.Compute/disks/vm-student_OsDisk_1_d16c2b1fc79346ccb736bb03c91d66f5",
            "patch_assessment_mode": "ImageDefault",
            "patch_mode": "ImageDefault",
            "plan": [],
            "platform_fault_domain": -1,
            "priority": "Regular",
            "private_ip_address": "10.0.1.4",
            "private_ip_addresses": [
              "10.0.1.4"
            ],
            "provision_vm_agent": true,
            "proximity_placement_group_id": "",
            "public_ip_address": "172.202.41.177",
            "public_ip_addresses": [
              "172.202.41.177"
            ],
            "reboot_setting": "",
            "resource_group_name": "rg-nssa320-student",
            "secret": [],
            "secure_boot_enabled": false,
            "size": "Standard_D4s_v3",
            "source_image_id": "",
            "source_image_reference": [
              {
                "offer": "0001-com-ubuntu-server-jammy",
                "publisher": "Canonical",
                "sku": "22_04-lts",
                "version": "latest"
              }
            ],
            "tags": null,
            "termination_notification": null,
            "timeouts": null,
            "user_data": "",
            "virtual_machine_id": "b832926c-1640-49de-91d4-d2ebe7293406",
            "virtual_machine_scale_set_id": "",
            "vm_agent_platform_updates_enabled": false,
            "vtpm_enabled": false,
            "zone": ""
          },
          "sensitive_attributes": [
            [
              {
                "type": "get_attr",
                "value": "admin_password"
              }
            ],
            [
              {
                "type": "get_attr",
                "value": "custom_data"
              }
            ]
          ],
          "identity_schema_version": 0,
          "private": "eyJlMmJmYjczMC1lY2FhLTExZTYtOGY4OC0zNDM2M2JjN2M0YzAiOnsiY3JlYXRlIjoyNzAwMDAwMDAwMDAwLCJkZWxldGUiOjI3MDAwMDAwMDAwMDAsInJlYWQiOjMwMDAwMDAwMDAwMCwidXBkYXRlIjoyNzAwMDAwMDAwMDAwfX0=",
          "dependencies": [
            "azurerm_network_interface.nic",
            "azurerm_public_ip.pip",
            "azurerm_resource_group.rg",
            "azurerm_subnet.subnet",
            "azurerm_virtual_network.vnet"
          ]
        }
      ]
    },
    {
      "mode": "managed",
      "type": "azurerm_network_interface",
      "name": "nic",
      "provider": "provider[\"registry.terraform.io/hashicorp/azurerm\"]",
      "instances": [
        {
          "schema_version": 0,
          "attributes": {
            "accelerated_networking_enabled": false,
            "applied_dns_servers": [],
            "auxiliary_mode": "",
            "auxiliary_sku": "",
            "dns_servers": null,
            "edge_zone": "",
            "id": "/subscriptions/ef61dad8-0544-405a-9a44-2f2931dea1d8/resourceGroups/rg-nssa320-student/providers/Microsoft.Network/networkInterfaces/nic-student",
            "internal_dns_name_label": "",
            "internal_domain_name_suffix": "vbiitmd4qgqeta4aqfss30mbka.gx.internal.cloudapp.net",
            "ip_configuration": [
              {
                "gateway_load_balancer_frontend_ip_configuration_id": "",
                "name": "ipconfig",
                "primary": true,
                "private_ip_address": "10.0.1.4",
                "private_ip_address_allocation": "Dynamic",
                "private_ip_address_version": "IPv4",
                "public_ip_address_id": "/subscriptions/ef61dad8-0544-405a-9a44-2f2931dea1d8/resourceGroups/rg-nssa320-student/providers/Microsoft.Network/publicIPAddresses/pip-student",
                "subnet_id": "/subscriptions/ef61dad8-0544-405a-9a44-2f2931dea1d8/resourceGroups/rg-nssa320-student/providers/Microsoft.Network/virtualNetworks/vnet-student/subnets/subnet1"
              }
            ],
            "ip_forwarding_enabled": false,
            "location": "centralus",
            "mac_address": "",
            "name": "nic-student",
            "private_ip_address": "10.0.1.4",
            "private_ip_addresses": [
              "10.0.1.4"
            ],
            "resource_group_name": "rg-nssa320-student",
            "tags": null,
            "timeouts": null,
            "virtual_machine_id": ""
          },
          "sensitive_attributes": [],
          "identity_schema_version": 0,
          "identity": {
            "name": "nic-student",
            "resource_group_name": "rg-nssa320-student",
            "subscription_id": "ef61dad8-0544-405a-9a44-2f2931dea1d8"
          },
          "private": "eyJlMmJmYjczMC1lY2FhLTExZTYtOGY4OC0zNDM2M2JjN2M0YzAiOnsiY3JlYXRlIjoxODAwMDAwMDAwMDAwLCJkZWxldGUiOjE4MDAwMDAwMDAwMDAsInJlYWQiOjMwMDAwMDAwMDAwMCwidXBkYXRlIjoxODAwMDAwMDAwMDAwfX0=",
          "dependencies": [
            "azurerm_public_ip.pip",
            "azurerm_resource_group.rg",
            "azurerm_subnet.subnet",
            "azurerm_virtual_network.vnet"
          ]
        }
      ]
    },
    {
      "mode": "managed",
      "type": "azurerm_network_security_group",
      "name": "nsg",
      "provider": "provider[\"registry.terraform.io/hashicorp/azurerm\"]",
      "instances": [
        {
          "schema_version": 0,
          "attributes": {
            "id": "/subscriptions/ef61dad8-0544-405a-9a44-2f2931dea1d8/resourceGroups/rg-nssa320-student/providers/Microsoft.Network/networkSecurityGroups/nsg-ssh",
            "location": "centralus",
            "name": "nsg-ssh",
            "resource_group_name": "rg-nssa320-student",
            "security_rule": [
              {
                "access": "Allow",
                "description": "",
                "destination_address_prefix": "*",
                "destination_address_prefixes": [],
                "destination_application_security_group_ids": [],
                "destination_port_range": "22",
                "destination_port_ranges": [],
                "direction": "Inbound",
                "name": "Allow_SSH",
                "priority": 1001,
                "protocol": "Tcp",
                "source_address_prefix": "*",
                "source_address_prefixes": [],
                "source_application_security_group_ids": [],
                "source_port_range": "*",
                "source_port_ranges": []
              },
              {
                "access": "Allow",
                "description": "",
                "destination_address_prefix": "*",
                "destination_address_prefixes": [],
                "destination_application_security_group_ids": [],
                "destination_port_range": "80",
                "destination_port_ranges": [],
                "direction": "Inbound",
                "name": "HTTP",
                "priority": 1002,
                "protocol": "Tcp",
                "source_address_prefix": "*",
                "source_address_prefixes": [],
                "source_application_security_group_ids": [],
                "source_port_range": "*",
                "source_port_ranges": []
              }
            ],
            "tags": null,
            "timeouts": null
          },
          "sensitive_attributes": [],
          "identity_schema_version": 0,
          "identity": {
            "name": "nsg-ssh",
            "resource_group_name": "rg-nssa320-student",
            "subscription_id": "ef61dad8-0544-405a-9a44-2f2931dea1d8"
          },
          "private": "eyJlMmJmYjczMC1lY2FhLTExZTYtOGY4OC0zNDM2M2JjN2M0YzAiOnsiY3JlYXRlIjoxODAwMDAwMDAwMDAwLCJkZWxldGUiOjE4MDAwMDAwMDAwMDAsInJlYWQiOjMwMDAwMDAwMDAwMCwidXBkYXRlIjoxODAwMDAwMDAwMDAwfX0=",
          "dependencies": [
            "azurerm_resource_group.rg"
          ]
        }
      ]
    },
    {
      "mode": "managed",
      "type": "azurerm_public_ip",
      "name": "pip",
      "provider": "provider[\"registry.terraform.io/hashicorp/azurerm\"]",
      "instances": [
        {
          "schema_version": 0,
          "attributes": {
            "allocation_method": "Static",
            "ddos_protection_mode": "VirtualNetworkInherited",
            "ddos_protection_plan_id": null,
            "domain_name_label": "",
            "domain_name_label_scope": "",
            "edge_zone": "",
            "fqdn": "",
            "id": "/subscriptions/ef61dad8-0544-405a-9a44-2f2931dea1d8/resourceGroups/rg-nssa320-student/providers/Microsoft.Network/publicIPAddresses/pip-student",
            "idle_timeout_in_minutes": 4,
            "ip_address": "172.202.41.177",
            "ip_tags": null,
            "ip_version": "IPv4",
            "location": "centralus",
            "name": "pip-student",
            "public_ip_prefix_id": null,
            "resource_group_name": "rg-nssa320-student",
            "reverse_fqdn": "",
            "sku": "Standard",
            "sku_tier": "Regional",
            "tags": null,
            "timeouts": null,
            "zones": null
          },
          "sensitive_attributes": [],
          "identity_schema_version": 0,
          "identity": {
            "name": "pip-student",
            "resource_group_name": "rg-nssa320-student",
            "subscription_id": "ef61dad8-0544-405a-9a44-2f2931dea1d8"
          },
          "private": "eyJlMmJmYjczMC1lY2FhLTExZTYtOGY4OC0zNDM2M2JjN2M0YzAiOnsiY3JlYXRlIjoxODAwMDAwMDAwMDAwLCJkZWxldGUiOjE4MDAwMDAwMDAwMDAsInJlYWQiOjMwMDAwMDAwMDAwMCwidXBkYXRlIjoxODAwMDAwMDAwMDAwfX0=",
          "dependencies": [
            "azurerm_resource_group.rg"
          ]
        }
      ]
    },
    {
      "mode": "managed",
      "type": "azurerm_resource_group",
      "name": "rg",
      "provider": "provider[\"registry.terraform.io/hashicorp/azurerm\"]",
      "instances": [
        {
          "schema_version": 0,
          "attributes": {
            "id": "/subscriptions/ef61dad8-0544-405a-9a44-2f2931dea1d8/resourceGroups/rg-nssa320-student",
            "location": "centralus",
            "managed_by": "",
            "name": "rg-nssa320-student",
            "tags": null,
            "timeouts": null
          },
          "sensitive_attributes": [],
          "identity_schema_version": 0,
          "identity": {
            "name": "rg-nssa320-student",
            "subscription_id": "ef61dad8-0544-405a-9a44-2f2931dea1d8"
          },
          "private": "eyJlMmJmYjczMC1lY2FhLTExZTYtOGY4OC0zNDM2M2JjN2M0YzAiOnsiY3JlYXRlIjo1NDAwMDAwMDAwMDAwLCJkZWxldGUiOjU0MDAwMDAwMDAwMDAsInJlYWQiOjMwMDAwMDAwMDAwMCwidXBkYXRlIjo1NDAwMDAwMDAwMDAwfX0="
        }
      ]
    },
    {
      "mode": "managed",
      "type": "azurerm_subnet",
      "name": "subnet",
      "provider": "provider[\"registry.terraform.io/hashicorp/azurerm\"]",
      "instances": [
        {
          "schema_version": 0,
          "attributes": {
            "address_prefixes": [
              "10.0.1.0/24"
            ],
            "default_outbound_access_enabled": true,
            "delegation": [],
            "id": "/subscriptions/ef61dad8-0544-405a-9a44-2f2931dea1d8/resourceGroups/rg-nssa320-student/providers/Microsoft.Network/virtualNetworks/vnet-student/subnets/subnet1",
            "ip_address_pool": [],
            "name": "subnet1",
            "private_endpoint_network_policies": "Disabled",
            "private_link_service_network_policies_enabled": true,
            "resource_group_name": "rg-nssa320-student",
            "service_endpoint_policy_ids": null,
            "service_endpoints": null,
            "sharing_scope": "",
            "timeouts": null,
            "virtual_network_name": "vnet-student"
          },
          "sensitive_attributes": [],
          "identity_schema_version": 0,
          "identity": {
            "name": "subnet1",
            "resource_group_name": "rg-nssa320-student",
            "subscription_id": "ef61dad8-0544-405a-9a44-2f2931dea1d8",
            "virtual_network_name": "vnet-student"
          },
          "private": "eyJlMmJmYjczMC1lY2FhLTExZTYtOGY4OC0zNDM2M2JjN2M0YzAiOnsiY3JlYXRlIjoxODAwMDAwMDAwMDAwLCJkZWxldGUiOjE4MDAwMDAwMDAwMDAsInJlYWQiOjMwMDAwMDAwMDAwMCwidXBkYXRlIjoxODAwMDAwMDAwMDAwfX0=",
          "dependencies": [
            "azurerm_resource_group.rg",
            "azurerm_virtual_network.vnet"
          ]
        }
      ]
    },
    {
      "mode": "managed",
      "type": "azurerm_subnet_network_security_group_association",
      "name": "nsg_assoc",
      "provider": "provider[\"registry.terraform.io/hashicorp/azurerm\"]",
      "instances": [
        {
          "schema_version": 0,
          "attributes": {
            "id": "/subscriptions/ef61dad8-0544-405a-9a44-2f2931dea1d8/resourceGroups/rg-nssa320-student/providers/Microsoft.Network/virtualNetworks/vnet-student/subnets/subnet1",
            "network_security_group_id": "/subscriptions/ef61dad8-0544-405a-9a44-2f2931dea1d8/resourceGroups/rg-nssa320-student/providers/Microsoft.Network/networkSecurityGroups/nsg-ssh",
            "subnet_id": "/subscriptions/ef61dad8-0544-405a-9a44-2f2931dea1d8/resourceGroups/rg-nssa320-student/providers/Microsoft.Network/virtualNetworks/vnet-student/subnets/subnet1",
            "timeouts": null
          },
          "sensitive_attributes": [],
          "identity_schema_version": 0,
          "private": "eyJlMmJmYjczMC1lY2FhLTExZTYtOGY4OC0zNDM2M2JjN2M0YzAiOnsiY3JlYXRlIjoxODAwMDAwMDAwMDAwLCJkZWxldGUiOjE4MDAwMDAwMDAwMDAsInJlYWQiOjMwMDAwMDAwMDAwMH19",
          "dependencies": [
            "azurerm_network_security_group.nsg",
            "azurerm_resource_group.rg",
            "azurerm_subnet.subnet",
            "azurerm_virtual_network.vnet"
          ]
        }
      ]
    },
    {
      "mode": "managed",
      "type": "azurerm_virtual_network",
      "name": "vnet",
      "provider": "provider[\"registry.terraform.io/hashicorp/azurerm\"]",
      "instances": [
        {
          "schema_version": 0,
          "attributes": {
            "address_space": [
              "10.0.0.0/16"
            ],
            "bgp_community": "",
            "ddos_protection_plan": [],
            "dns_servers": [],
            "edge_zone": "",
            "encryption": [],
            "flow_timeout_in_minutes": 0,
            "guid": "b08950a8-817e-49a0-83c0-81652ee98150",
            "id": "/subscriptions/ef61dad8-0544-405a-9a44-2f2931dea1d8/resourceGroups/rg-nssa320-student/providers/Microsoft.Network/virtualNetworks/vnet-student",
            "ip_address_pool": [],
            "location": "centralus",
            "name": "vnet-student",
            "private_endpoint_vnet_policies": "Disabled",
            "resource_group_name": "rg-nssa320-student",
            "subnet": [],
            "tags": null,
            "timeouts": null
          },
          "sensitive_attributes": [],
          "identity_schema_version": 0,
          "identity": {
            "name": "vnet-student",
            "resource_group_name": "rg-nssa320-student",
            "subscription_id": "ef61dad8-0544-405a-9a44-2f2931dea1d8"
          },
          "private": "eyJlMmJmYjczMC1lY2FhLTExZTYtOGY4OC0zNDM2M2JjN2M0YzAiOnsiY3JlYXRlIjoxODAwMDAwMDAwMDAwLCJkZWxldGUiOjE4MDAwMDAwMDAwMDAsInJlYWQiOjMwMDAwMDAwMDAwMCwidXBkYXRlIjoxODAwMDAwMDAwMDAwfX0=",
          "dependencies": [
            "azurerm_resource_group.rg"
          ]
        }
      ]
    }
  ],
  "check_results": null
}
